
Microsoft Visual Studio Solution File, Format Version 12.00
# Visual Studio Version 16
VisualStudioVersion = 16.0.31410.357
MinimumVisualStudioVersion = 10.0.40219.1
Project("{9A19103F-16F7-4668-BE54-9A1E7A4F7556}") = "CarAppInfrastructure", "CarAppInfrastructure\CarAppInfrastructure.csproj", "{B9A81C6C-9F53-417C-A98B-0E0715E69242}"
EndProject
Project("{9A19103F-16F7-4668-BE54-9A1E7A4F7556}") = "CarAppCore", "CarSellingInternshipCore\CarAppCore.csproj", "{CE23C39C-B361-4048-8780-5CE118D59A64}"
EndProject
Project("{9A19103F-16F7-4668-BE54-9A1E7A4F7556}") = "Tests", "Tests\Tests.csproj", "{B8B810FA-7EB7-4A56-90F3-A17D7C92E764}"
EndProject
Project("{9A19103F-16F7-4668-BE54-9A1E7A4F7556}") = "CarAppWeb", "CarAppInternship\CarAppWeb.csproj", "{7AC4CDF5-849A-4161-A062-01E1B729228C}"
EndProject
Global
	GlobalSection(SolutionConfigurationPlatforms) = preSolution
		Debug|Any CPU = Debug|Any CPU
		Release|Any CPU = Release|Any CPU
	EndGlobalSection
	GlobalSection(ProjectConfigurationPlatforms) = postSolution
		{B9A81C6C-9F53-417C-A98B-0E0715E69242}.Debug|Any CPU.ActiveCfg = Debug|Any CPU
		{B9A81C6C-9F53-417C-A98B-0E0715E69242}.Debug|Any CPU.Build.0 = Debug|Any CPU
		{B9A81C6C-9F53-417C-A98B-0E0715E69242}.Release|Any CPU.ActiveCfg = Release|Any CPU
		{B9A81C6C-9F53-417C-A98B-0E0715E69242}.Release|Any CPU.Build.0 = Release|Any CPU
		{CE23C39C-B361-4048-8780-5CE118D59A64}.Debug|Any CPU.ActiveCfg = Debug|Any CPU
		{CE23C39C-B361-4048-8780-5CE118D59A64}.Debug|Any CPU.Build.0 = Debug|Any CPU
		{CE23C39C-B361-4048-8780-5CE118D59A64}.Release|Any CPU.ActiveCfg = Release|Any CPU
		{CE23C39C-B361-4048-8780-5CE118D59A64}.Release|Any CPU.Build.0 = Release|Any CPU
		{B8B810FA-7EB7-4A56-90F3-A17D7C92E764}.Debug|Any CPU.ActiveCfg = Debug|Any CPU
		{B8B810FA-7EB7-4A56-90F3-A17D7C92E764}.Debug|Any CPU.Build.0 = Debug|Any CPU
		{B8B810FA-7EB7-4A56-90F3-A17D7C92E764}.Release|Any CPU.ActiveCfg = Release|Any CPU
		{B8B810FA-7EB7-4A56-90F3-A17D7C92E764}.Release|Any CPU.Build.0 = Release|Any CPU
		{7AC4CDF5-849A-4161-A062-01E1B729228C}.Debug|Any CPU.ActiveCfg = Debug|Any CPU
		{7AC4CDF5-849A-4161-A062-01E1B729228C}.Debug|Any CPU.Build.0 = Debug|Any CPU
		{7AC4CDF5-849A-4161-A062-01E1B729228C}.Release|Any CPU.ActiveCfg = Release|Any CPU
		{7AC4CDF5-849A-4161-A062-01E1B729228C}.Release|Any CPU.Build.0 = Release|Any CPU
	EndGlobalSection
	GlobalSection(SolutionProperties) = preSolution
		HideSolutionNode = FALSE
	EndGlobalSection
	GlobalSection(ExtensibilityGlobals) = postSolution
		SolutionGuid = {7834E411-7775-400D-A234-7B32B32C2888}
	EndGlobalSection
EndGlobal
